
Microsoft Visual Studio Solution File, Format Version 12.00
Project("{2150E333-8FDC-42A3-9474-1A3956D46DE8}") = "Src", "Src", "{435ABD8B-3F1B-4A95-BAA4-8C8476307C6A}"
EndProject
Project("{2150E333-8FDC-42A3-9474-1A3956D46DE8}") = "Tests", "Tests", "{069A5222-8D01-414B-A870-8B1CAFB0E286}"
EndProject
Project("{FAE04EC0-301F-11D3-BF4B-00C04F79EFBC}") = "LanguageEfficiencySystem.Console", "Src\LanguageEfficiencySystem.Console\LanguageEfficiencySystem.Console.csproj", "{F90D71CF-5104-4157-9892-2630E6F530A7}"
EndProject
Project("{FAE04EC0-301F-11D3-BF4B-00C04F79EFBC}") = "LanguageEfficiencySystem", "Src\LanguageEfficiencySystem\LanguageEfficiencySystem.csproj", "{0D38F222-D431-490D-99F7-9BB9B2CC6B99}"
EndProject
Project("{FAE04EC0-301F-11D3-BF4B-00C04F79EFBC}") = "LanguageEfficiencySystem.Tests", "Tests\LanguageEfficiencySystem.Tests\LanguageEfficiencySystem.Tests.csproj", "{10CA4D7E-23C8-4240-8087-5D2D401FF2B4}"
EndProject
Global
	GlobalSection(SolutionConfigurationPlatforms) = preSolution
		Debug|Any CPU = Debug|Any CPU
		Release|Any CPU = Release|Any CPU
	EndGlobalSection
	GlobalSection(ProjectConfigurationPlatforms) = postSolution
		{F90D71CF-5104-4157-9892-2630E6F530A7}.Debug|Any CPU.ActiveCfg = Debug|Any CPU
		{F90D71CF-5104-4157-9892-2630E6F530A7}.Debug|Any CPU.Build.0 = Debug|Any CPU
		{F90D71CF-5104-4157-9892-2630E6F530A7}.Release|Any CPU.ActiveCfg = Release|Any CPU
		{F90D71CF-5104-4157-9892-2630E6F530A7}.Release|Any CPU.Build.0 = Release|Any CPU
		{0D38F222-D431-490D-99F7-9BB9B2CC6B99}.Debug|Any CPU.ActiveCfg = Debug|Any CPU
		{0D38F222-D431-490D-99F7-9BB9B2CC6B99}.Debug|Any CPU.Build.0 = Debug|Any CPU
		{0D38F222-D431-490D-99F7-9BB9B2CC6B99}.Release|Any CPU.ActiveCfg = Release|Any CPU
		{0D38F222-D431-490D-99F7-9BB9B2CC6B99}.Release|Any CPU.Build.0 = Release|Any CPU
		{10CA4D7E-23C8-4240-8087-5D2D401FF2B4}.Debug|Any CPU.ActiveCfg = Debug|Any CPU
		{10CA4D7E-23C8-4240-8087-5D2D401FF2B4}.Debug|Any CPU.Build.0 = Debug|Any CPU
		{10CA4D7E-23C8-4240-8087-5D2D401FF2B4}.Release|Any CPU.ActiveCfg = Release|Any CPU
		{10CA4D7E-23C8-4240-8087-5D2D401FF2B4}.Release|Any CPU.Build.0 = Release|Any CPU
	EndGlobalSection
	GlobalSection(NestedProjects) = preSolution
		{F90D71CF-5104-4157-9892-2630E6F530A7} = {435ABD8B-3F1B-4A95-BAA4-8C8476307C6A}
		{0D38F222-D431-490D-99F7-9BB9B2CC6B99} = {435ABD8B-3F1B-4A95-BAA4-8C8476307C6A}
		{10CA4D7E-23C8-4240-8087-5D2D401FF2B4} = {069A5222-8D01-414B-A870-8B1CAFB0E286}
	EndGlobalSection
EndGlobal
